
Microsoft Visual Studio Solution File, Format Version 12.00
# Visual Studio Version 17
VisualStudioVersion = 17.9.34607.119
MinimumVisualStudioVersion = 10.0.40219.1
Project("{FAE04EC0-301F-11D3-BF4B-00C04F79EFBC}") = "TemplateBuilder.Wpf", "TemplateBuilder.Wpf\TemplateBuilder.Wpf.csproj", "{256386F4-23C9-438A-BEA4-490F60D4AB6D}"
EndProject
Global
	GlobalSection(SolutionConfigurationPlatforms) = preSolution
		Debug|Any CPU = Debug|Any CPU
		Release|Any CPU = Release|Any CPU
	EndGlobalSection
	GlobalSection(ProjectConfigurationPlatforms) = postSolution
		{256386F4-23C9-438A-BEA4-490F60D4AB6D}.Debug|Any CPU.ActiveCfg = Debug|Any CPU
		{256386F4-23C9-438A-BEA4-490F60D4AB6D}.Debug|Any CPU.Build.0 = Debug|Any CPU
		{256386F4-23C9-438A-BEA4-490F60D4AB6D}.Release|Any CPU.ActiveCfg = Release|Any CPU
		{256386F4-23C9-438A-BEA4-490F60D4AB6D}.Release|Any CPU.Build.0 = Release|Any CPU
	EndGlobalSection
	GlobalSection(SolutionProperties) = preSolution
		HideSolutionNode = FALSE
	EndGlobalSection
	GlobalSection(ExtensibilityGlobals) = postSolution
		SolutionGuid = {99B66148-5F56-476E-A111-312B8794B97D}
	EndGlobalSection
EndGlobal
